
Microsoft Visual Studio Solution File, Format Version 12.00
# Visual Studio Version 17
VisualStudioVersion = 17.5.33516.290
MinimumVisualStudioVersion = 10.0.40219.1
Project("{FAE04EC0-301F-11D3-BF4B-00C04F79EFBC}") = "DotNetNuke.Services.Analytics", "DotNetNuke.Services.Analytics.csproj", "{50380A04-C239-4A87-ADE6-6CBC3E2D215D}"
EndProject
Global
	GlobalSection(SolutionConfigurationPlatforms) = preSolution
		Debug|Any CPU = Debug|Any CPU
		Release|Any CPU = Release|Any CPU
	EndGlobalSection
	GlobalSection(ProjectConfigurationPlatforms) = postSolution
		{50380A04-C239-4A87-ADE6-6CBC3E2D215D}.Debug|Any CPU.ActiveCfg = Debug|Any CPU
		{50380A04-C239-4A87-ADE6-6CBC3E2D215D}.Debug|Any CPU.Build.0 = Debug|Any CPU
		{50380A04-C239-4A87-ADE6-6CBC3E2D215D}.Release|Any CPU.ActiveCfg = Release|Any CPU
		{50380A04-C239-4A87-ADE6-6CBC3E2D215D}.Release|Any CPU.Build.0 = Release|Any CPU
	EndGlobalSection
	GlobalSection(SolutionProperties) = preSolution
		HideSolutionNode = FALSE
	EndGlobalSection
	GlobalSection(ExtensibilityGlobals) = postSolution
		SolutionGuid = {D5C27466-B150-4867-99E0-54C1E2991BC8}
	EndGlobalSection
EndGlobal
